// !$*UTF8*$!
{
	archiveVersion = 1;
	classes = {
	};
	objectVersion = 50;
	objects = {

/* Begin PBXBuildFile section */
		E304901821F7A1AF0092B0AD /* AppContract.swift in Sources */ = {isa = PBXBuildFile; fileRef = E304901521F7A1AF0092B0AD /* AppContract.swift */; };
		E304901921F7A1AF0092B0AD /* AppMainViewController.swift in Sources */ = {isa = PBXBuildFile; fileRef = E304901621F7A1AF0092B0AD /* AppMainViewController.swift */; };
		E304901A21F7A1AF0092B0AD /* AppRouter.swift in Sources */ = {isa = PBXBuildFile; fileRef = E304901721F7A1AF0092B0AD /* AppRouter.swift */; };
		E304902821F7A1C20092B0AD /* LoadFromStoryboard.swift in Sources */ = {isa = PBXBuildFile; fileRef = E304901C21F7A1C20092B0AD /* LoadFromStoryboard.swift */; };
		E304902A21F7A1C20092B0AD /* HomeView.swift in Sources */ = {isa = PBXBuildFile; fileRef = E304902021F7A1C20092B0AD /* HomeView.swift */; };
		E304902B21F7A1C20092B0AD /* HomeView.storyboard in Resources */ = {isa = PBXBuildFile; fileRef = E304902121F7A1C20092B0AD /* HomeView.storyboard */; };
		E304902C21F7A1C20092B0AD /* HomeEntity.swift in Sources */ = {isa = PBXBuildFile; fileRef = E304902221F7A1C20092B0AD /* HomeEntity.swift */; };
		E304902D21F7A1C20092B0AD /* HomeInteractor.swift in Sources */ = {isa = PBXBuildFile; fileRef = E304902321F7A1C20092B0AD /* HomeInteractor.swift */; };
		E304902E21F7A1C20092B0AD /* HomeRouter.swift in Sources */ = {isa = PBXBuildFile; fileRef = E304902421F7A1C20092B0AD /* HomeRouter.swift */; };
		E304902F21F7A1C20092B0AD /* HomeAssembler.swift in Sources */ = {isa = PBXBuildFile; fileRef = E304902521F7A1C20092B0AD /* HomeAssembler.swift */; };
		E304903021F7A1C20092B0AD /* HomeContract.swift in Sources */ = {isa = PBXBuildFile; fileRef = E304902621F7A1C20092B0AD /* HomeContract.swift */; };
		E304903121F7A1C20092B0AD /* HomePresenter.swift in Sources */ = {isa = PBXBuildFile; fileRef = E304902721F7A1C20092B0AD /* HomePresenter.swift */; };
		E304903D21F7A26B0092B0AD /* MapContract.swift in Sources */ = {isa = PBXBuildFile; fileRef = E304903321F7A26B0092B0AD /* MapContract.swift */; };
		E304903E21F7A26B0092B0AD /* MapRouter.swift in Sources */ = {isa = PBXBuildFile; fileRef = E304903421F7A26B0092B0AD /* MapRouter.swift */; };
		E304903F21F7A26B0092B0AD /* MapPresenter.swift in Sources */ = {isa = PBXBuildFile; fileRef = E304903521F7A26B0092B0AD /* MapPresenter.swift */; };
		E304904021F7A26B0092B0AD /* MapInteractor.swift in Sources */ = {isa = PBXBuildFile; fileRef = E304903621F7A26B0092B0AD /* MapInteractor.swift */; };
		E304904121F7A26B0092B0AD /* MapAssembler.swift in Sources */ = {isa = PBXBuildFile; fileRef = E304903721F7A26B0092B0AD /* MapAssembler.swift */; };
		E304904221F7A26B0092B0AD /* MapEntity.swift in Sources */ = {isa = PBXBuildFile; fileRef = E304903821F7A26B0092B0AD /* MapEntity.swift */; };
		E304904321F7A26B0092B0AD /* MapView.swift in Sources */ = {isa = PBXBuildFile; fileRef = E304903A21F7A26B0092B0AD /* MapView.swift */; };
		E304904421F7A26B0092B0AD /* MapView.storyboard in Resources */ = {isa = PBXBuildFile; fileRef = E304903B21F7A26B0092B0AD /* MapView.storyboard */; };
		E310BAEF21FC9C5300FEF3AF /* MeteorDataRequestHandler.swift in Sources */ = {isa = PBXBuildFile; fileRef = E310BAEE21FC9C5300FEF3AF /* MeteorDataRequestHandler.swift */; };
		E32160E721FBCE040068D93E /* Timer.swift in Sources */ = {isa = PBXBuildFile; fileRef = E32160E621FBCE040068D93E /* Timer.swift */; };
		E326807221F66E2E00FAD3C3 /* AppDelegate.swift in Sources */ = {isa = PBXBuildFile; fileRef = E326807121F66E2E00FAD3C3 /* AppDelegate.swift */; };
		E326807721F66E2E00FAD3C3 /* Main.storyboard in Resources */ = {isa = PBXBuildFile; fileRef = E326807521F66E2E00FAD3C3 /* Main.storyboard */; };
		E326807921F66E2F00FAD3C3 /* Assets.xcassets in Resources */ = {isa = PBXBuildFile; fileRef = E326807821F66E2F00FAD3C3 /* Assets.xcassets */; };
		E326807C21F66E2F00FAD3C3 /* LaunchScreen.storyboard in Resources */ = {isa = PBXBuildFile; fileRef = E326807A21F66E2F00FAD3C3 /* LaunchScreen.storyboard */; };
		E326808721F66E2F00FAD3C3 /* FallenMeteorsTests.swift in Sources */ = {isa = PBXBuildFile; fileRef = E326808621F66E2F00FAD3C3 /* FallenMeteorsTests.swift */; };
		E326809221F66E2F00FAD3C3 /* FallenMeteorsUITests.swift in Sources */ = {isa = PBXBuildFile; fileRef = E326809121F66E2F00FAD3C3 /* FallenMeteorsUITests.swift */; };
		E3928BD921F9175A000C516C /* MeteorTableViewCell.swift in Sources */ = {isa = PBXBuildFile; fileRef = E3928BD821F9175A000C516C /* MeteorTableViewCell.swift */; };
/* End PBXBuildFile section */

/* Begin PBXContainerItemProxy section */
		E326808321F66E2F00FAD3C3 /* PBXContainerItemProxy */ = {
			isa = PBXContainerItemProxy;
			containerPortal = E326806621F66E2E00FAD3C3 /* Project object */;
			proxyType = 1;
			remoteGlobalIDString = E326806D21F66E2E00FAD3C3;
			remoteInfo = FallenMeteors;
		};
		E326808E21F66E2F00FAD3C3 /* PBXContainerItemProxy */ = {
			isa = PBXContainerItemProxy;
			containerPortal = E326806621F66E2E00FAD3C3 /* Project object */;
			proxyType = 1;
			remoteGlobalIDString = E326806D21F66E2E00FAD3C3;
			remoteInfo = FallenMeteors;
		};
/* End PBXContainerItemProxy section */

/* Begin PBXFileReference section */
		E304901521F7A1AF0092B0AD /* AppContract.swift */ = {isa = PBXFileReference; fileEncoding = 4; lastKnownFileType = sourcecode.swift; path = AppContract.swift; sourceTree = "<group>"; };
		E304901621F7A1AF0092B0AD /* AppMainViewController.swift */ = {isa = PBXFileReference; fileEncoding = 4; lastKnownFileType = sourcecode.swift; path = AppMainViewController.swift; sourceTree = "<group>"; };
		E304901721F7A1AF0092B0AD /* AppRouter.swift */ = {isa = PBXFileReference; fileEncoding = 4; lastKnownFileType = sourcecode.swift; path = AppRouter.swift; sourceTree = "<group>"; };
		E304901C21F7A1C20092B0AD /* LoadFromStoryboard.swift */ = {isa = PBXFileReference; fileEncoding = 4; lastKnownFileType = sourcecode.swift; path = LoadFromStoryboard.swift; sourceTree = "<group>"; };
		E304902021F7A1C20092B0AD /* HomeView.swift */ = {isa = PBXFileReference; fileEncoding = 4; lastKnownFileType = sourcecode.swift; path = HomeView.swift; sourceTree = "<group>"; };
		E304902121F7A1C20092B0AD /* HomeView.storyboard */ = {isa = PBXFileReference; fileEncoding = 4; lastKnownFileType = file.storyboard; path = HomeView.storyboard; sourceTree = "<group>"; };
		E304902221F7A1C20092B0AD /* HomeEntity.swift */ = {isa = PBXFileReference; fileEncoding = 4; lastKnownFileType = sourcecode.swift; path = HomeEntity.swift; sourceTree = "<group>"; };
		E304902321F7A1C20092B0AD /* HomeInteractor.swift */ = {isa = PBXFileReference; fileEncoding = 4; lastKnownFileType = sourcecode.swift; path = HomeInteractor.swift; sourceTree = "<group>"; };
		E304902421F7A1C20092B0AD /* HomeRouter.swift */ = {isa = PBXFileReference; fileEncoding = 4; lastKnownFileType = sourcecode.swift; path = HomeRouter.swift; sourceTree = "<group>"; };
		E304902521F7A1C20092B0AD /* HomeAssembler.swift */ = {isa = PBXFileReference; fileEncoding = 4; lastKnownFileType = sourcecode.swift; path = HomeAssembler.swift; sourceTree = "<group>"; };
		E304902621F7A1C20092B0AD /* HomeContract.swift */ = {isa = PBXFileReference; fileEncoding = 4; lastKnownFileType = sourcecode.swift; path = HomeContract.swift; sourceTree = "<group>"; };
		E304902721F7A1C20092B0AD /* HomePresenter.swift */ = {isa = PBXFileReference; fileEncoding = 4; lastKnownFileType = sourcecode.swift; path = HomePresenter.swift; sourceTree = "<group>"; };
		E304903321F7A26B0092B0AD /* MapContract.swift */ = {isa = PBXFileReference; fileEncoding = 4; lastKnownFileType = sourcecode.swift; path = MapContract.swift; sourceTree = "<group>"; };
		E304903421F7A26B0092B0AD /* MapRouter.swift */ = {isa = PBXFileReference; fileEncoding = 4; lastKnownFileType = sourcecode.swift; path = MapRouter.swift; sourceTree = "<group>"; };
		E304903521F7A26B0092B0AD /* MapPresenter.swift */ = {isa = PBXFileReference; fileEncoding = 4; lastKnownFileType = sourcecode.swift; path = MapPresenter.swift; sourceTree = "<group>"; };
		E304903621F7A26B0092B0AD /* MapInteractor.swift */ = {isa = PBXFileReference; fileEncoding = 4; lastKnownFileType = sourcecode.swift; path = MapInteractor.swift; sourceTree = "<group>"; };
		E304903721F7A26B0092B0AD /* MapAssembler.swift */ = {isa = PBXFileReference; fileEncoding = 4; lastKnownFileType = sourcecode.swift; path = MapAssembler.swift; sourceTree = "<group>"; };
		E304903821F7A26B0092B0AD /* MapEntity.swift */ = {isa = PBXFileReference; fileEncoding = 4; lastKnownFileType = sourcecode.swift; path = MapEntity.swift; sourceTree = "<group>"; };
		E304903A21F7A26B0092B0AD /* MapView.swift */ = {isa = PBXFileReference; fileEncoding = 4; lastKnownFileType = sourcecode.swift; path = MapView.swift; sourceTree = "<group>"; };
		E304903C21F7A26B0092B0AD /* Base */ = {isa = PBXFileReference; lastKnownFileType = file.storyboard; name = Base; path = Base.lproj/MapView.storyboard; sourceTree = "<group>"; };
		E304904621F7C1160092B0AD /* Info.plist */ = {isa = PBXFileReference; lastKnownFileType = text.plist.xml; path = Info.plist; sourceTree = "<group>"; };
		E310BAEE21FC9C5300FEF3AF /* MeteorDataRequestHandler.swift */ = {isa = PBXFileReference; lastKnownFileType = sourcecode.swift; path = MeteorDataRequestHandler.swift; sourceTree = "<group>"; };
		E32160E621FBCE040068D93E /* Timer.swift */ = {isa = PBXFileReference; lastKnownFileType = sourcecode.swift; path = Timer.swift; sourceTree = "<group>"; };
		E326806E21F66E2E00FAD3C3 /* FallenMeteors.app */ = {isa = PBXFileReference; explicitFileType = wrapper.application; includeInIndex = 0; path = FallenMeteors.app; sourceTree = BUILT_PRODUCTS_DIR; };
		E326807121F66E2E00FAD3C3 /* AppDelegate.swift */ = {isa = PBXFileReference; lastKnownFileType = sourcecode.swift; path = AppDelegate.swift; sourceTree = "<group>"; };
		E326807621F66E2E00FAD3C3 /* Base */ = {isa = PBXFileReference; lastKnownFileType = file.storyboard; name = Base; path = Base.lproj/Main.storyboard; sourceTree = "<group>"; };
		E326807821F66E2F00FAD3C3 /* Assets.xcassets */ = {isa = PBXFileReference; lastKnownFileType = folder.assetcatalog; path = Assets.xcassets; sourceTree = "<group>"; };
		E326807B21F66E2F00FAD3C3 /* Base */ = {isa = PBXFileReference; lastKnownFileType = file.storyboard; name = Base; path = Base.lproj/LaunchScreen.storyboard; sourceTree = "<group>"; };
		E326808221F66E2F00FAD3C3 /* FallenMeteorsTests.xctest */ = {isa = PBXFileReference; explicitFileType = wrapper.cfbundle; includeInIndex = 0; path = FallenMeteorsTests.xctest; sourceTree = BUILT_PRODUCTS_DIR; };
		E326808621F66E2F00FAD3C3 /* FallenMeteorsTests.swift */ = {isa = PBXFileReference; lastKnownFileType = sourcecode.swift; path = FallenMeteorsTests.swift; sourceTree = "<group>"; };
		E326808821F66E2F00FAD3C3 /* Info.plist */ = {isa = PBXFileReference; lastKnownFileType = text.plist.xml; path = Info.plist; sourceTree = "<group>"; };
		E326808D21F66E2F00FAD3C3 /* FallenMeteorsUITests.xctest */ = {isa = PBXFileReference; explicitFileType = wrapper.cfbundle; includeInIndex = 0; path = FallenMeteorsUITests.xctest; sourceTree = BUILT_PRODUCTS_DIR; };
		E326809121F66E2F00FAD3C3 /* FallenMeteorsUITests.swift */ = {isa = PBXFileReference; lastKnownFileType = sourcecode.swift; path = FallenMeteorsUITests.swift; sourceTree = "<group>"; };
		E326809321F66E2F00FAD3C3 /* Info.plist */ = {isa = PBXFileReference; lastKnownFileType = text.plist.xml; path = Info.plist; sourceTree = "<group>"; };
		E3928BD821F9175A000C516C /* MeteorTableViewCell.swift */ = {isa = PBXFileReference; lastKnownFileType = sourcecode.swift; path = MeteorTableViewCell.swift; sourceTree = "<group>"; };
/* End PBXFileReference section */

/* Begin PBXFrameworksBuildPhase section */
		E326806B21F66E2E00FAD3C3 /* Frameworks */ = {
			isa = PBXFrameworksBuildPhase;
			buildActionMask = 2147483647;
			files = (
			);
			runOnlyForDeploymentPostprocessing = 0;
		};
		E326807F21F66E2F00FAD3C3 /* Frameworks */ = {
			isa = PBXFrameworksBuildPhase;
			buildActionMask = 2147483647;
			files = (
			);
			runOnlyForDeploymentPostprocessing = 0;
		};
		E326808A21F66E2F00FAD3C3 /* Frameworks */ = {
			isa = PBXFrameworksBuildPhase;
			buildActionMask = 2147483647;
			files = (
			);
			runOnlyForDeploymentPostprocessing = 0;
		};
/* End PBXFrameworksBuildPhase section */

/* Begin PBXGroup section */
		E304901B21F7A1C20092B0AD /* FrameworkExtensions */ = {
			isa = PBXGroup;
			children = (
				E304901C21F7A1C20092B0AD /* LoadFromStoryboard.swift */,
			);
			path = FrameworkExtensions;
			sourceTree = "<group>";
		};
		E304901E21F7A1C20092B0AD /* Home */ = {
			isa = PBXGroup;
			children = (
				E304902621F7A1C20092B0AD /* HomeContract.swift */,
				E304902421F7A1C20092B0AD /* HomeRouter.swift */,
				E304902521F7A1C20092B0AD /* HomeAssembler.swift */,
				E304902321F7A1C20092B0AD /* HomeInteractor.swift */,
				E304902221F7A1C20092B0AD /* HomeEntity.swift */,
				E304902721F7A1C20092B0AD /* HomePresenter.swift */,
				E304901F21F7A1C20092B0AD /* Home */,
			);
			path = Home;
			sourceTree = "<group>";
		};
		E304901F21F7A1C20092B0AD /* Home */ = {
			isa = PBXGroup;
			children = (
				E304902021F7A1C20092B0AD /* HomeView.swift */,
				E304902121F7A1C20092B0AD /* HomeView.storyboard */,
				E3928BD821F9175A000C516C /* MeteorTableViewCell.swift */,
			);
			path = Home;
			sourceTree = "<group>";
		};
		E304903221F7A26B0092B0AD /* Map */ = {
			isa = PBXGroup;
			children = (
				E304903321F7A26B0092B0AD /* MapContract.swift */,
				E304903421F7A26B0092B0AD /* MapRouter.swift */,
				E304903721F7A26B0092B0AD /* MapAssembler.swift */,
				E304903621F7A26B0092B0AD /* MapInteractor.swift */,
				E304903821F7A26B0092B0AD /* MapEntity.swift */,
				E304903521F7A26B0092B0AD /* MapPresenter.swift */,
				E304903921F7A26B0092B0AD /* MapView */,
			);
			path = Map;
			sourceTree = "<group>";
		};
		E304903921F7A26B0092B0AD /* MapView */ = {
			isa = PBXGroup;
			children = (
				E304903A21F7A26B0092B0AD /* MapView.swift */,
				E304903B21F7A26B0092B0AD /* MapView.storyboard */,
			);
			path = MapView;
			sourceTree = "<group>";
		};
		E304904521F7A7340092B0AD /* Resources */ = {
			isa = PBXGroup;
			children = (
				E326807821F66E2F00FAD3C3 /* Assets.xcassets */,
			);
			path = Resources;
			sourceTree = "<group>";
		};
		E32160E521FBCDB30068D93E /* Workers */ = {
			isa = PBXGroup;
			children = (
				E32160E621FBCE040068D93E /* Timer.swift */,
				E310BAEE21FC9C5300FEF3AF /* MeteorDataRequestHandler.swift */,
			);
			path = Workers;
			sourceTree = "<group>";
		};
		E326806521F66E2E00FAD3C3 = {
			isa = PBXGroup;
			children = (
				E326807021F66E2E00FAD3C3 /* FallenMeteors */,
				E326808521F66E2F00FAD3C3 /* FallenMeteorsTests */,
				E326809021F66E2F00FAD3C3 /* FallenMeteorsUITests */,
				E326806F21F66E2E00FAD3C3 /* Products */,
			);
			sourceTree = "<group>";
		};
		E326806F21F66E2E00FAD3C3 /* Products */ = {
			isa = PBXGroup;
			children = (
				E326806E21F66E2E00FAD3C3 /* FallenMeteors.app */,
				E326808221F66E2F00FAD3C3 /* FallenMeteorsTests.xctest */,
				E326808D21F66E2F00FAD3C3 /* FallenMeteorsUITests.xctest */,
			);
			name = Products;
			sourceTree = "<group>";
		};
		E326807021F66E2E00FAD3C3 /* FallenMeteors */ = {
			isa = PBXGroup;
			children = (
				E32160E521FBCDB30068D93E /* Workers */,
				E304901521F7A1AF0092B0AD /* AppContract.swift */,
				E304901621F7A1AF0092B0AD /* AppMainViewController.swift */,
				E304901721F7A1AF0092B0AD /* AppRouter.swift */,
				E326807121F66E2E00FAD3C3 /* AppDelegate.swift */,
				E326807521F66E2E00FAD3C3 /* Main.storyboard */,
				E304904621F7C1160092B0AD /* Info.plist */,
				E304901E21F7A1C20092B0AD /* Home */,
				E304903221F7A26B0092B0AD /* Map */,
				E304904521F7A7340092B0AD /* Resources */,
				E326807A21F66E2F00FAD3C3 /* LaunchScreen.storyboard */,
				E304901B21F7A1C20092B0AD /* FrameworkExtensions */,
			);
			path = FallenMeteors;
			sourceTree = "<group>";
		};
		E326808521F66E2F00FAD3C3 /* FallenMeteorsTests */ = {
			isa = PBXGroup;
			children = (
				E326808621F66E2F00FAD3C3 /* FallenMeteorsTests.swift */,
				E326808821F66E2F00FAD3C3 /* Info.plist */,
			);
			path = FallenMeteorsTests;
			sourceTree = "<group>";
		};
		E326809021F66E2F00FAD3C3 /* FallenMeteorsUITests */ = {
			isa = PBXGroup;
			children = (
				E326809121F66E2F00FAD3C3 /* FallenMeteorsUITests.swift */,
				E326809321F66E2F00FAD3C3 /* Info.plist */,
			);
			path = FallenMeteorsUITests;
			sourceTree = "<group>";
		};
/* End PBXGroup section */

/* Begin PBXNativeTarget section */
		E326806D21F66E2E00FAD3C3 /* FallenMeteors */ = {
			isa = PBXNativeTarget;
			buildConfigurationList = E326809621F66E2F00FAD3C3 /* Build configuration list for PBXNativeTarget "FallenMeteors" */;
			buildPhases = (
				E326806A21F66E2E00FAD3C3 /* Sources */,
				E326806B21F66E2E00FAD3C3 /* Frameworks */,
				E326806C21F66E2E00FAD3C3 /* Resources */,
			);
			buildRules = (
			);
			dependencies = (
			);
			name = FallenMeteors;
			productName = FallenMeteors;
			productReference = E326806E21F66E2E00FAD3C3 /* FallenMeteors.app */;
			productType = "com.apple.product-type.application";
		};
		E326808121F66E2F00FAD3C3 /* FallenMeteorsTests */ = {
			isa = PBXNativeTarget;
			buildConfigurationList = E326809921F66E2F00FAD3C3 /* Build configuration list for PBXNativeTarget "FallenMeteorsTests" */;
			buildPhases = (
				E326807E21F66E2F00FAD3C3 /* Sources */,
				E326807F21F66E2F00FAD3C3 /* Frameworks */,
				E326808021F66E2F00FAD3C3 /* Resources */,
			);
			buildRules = (
			);
			dependencies = (
				E326808421F66E2F00FAD3C3 /* PBXTargetDependency */,
			);
			name = FallenMeteorsTests;
			productName = FallenMeteorsTests;
			productReference = E326808221F66E2F00FAD3C3 /* FallenMeteorsTests.xctest */;
			productType = "com.apple.product-type.bundle.unit-test";
		};
		E326808C21F66E2F00FAD3C3 /* FallenMeteorsUITests */ = {
			isa = PBXNativeTarget;
			buildConfigurationList = E326809C21F66E2F00FAD3C3 /* Build configuration list for PBXNativeTarget "FallenMeteorsUITests" */;
			buildPhases = (
				E326808921F66E2F00FAD3C3 /* Sources */,
				E326808A21F66E2F00FAD3C3 /* Frameworks */,
				E326808B21F66E2F00FAD3C3 /* Resources */,
			);
			buildRules = (
			);
			dependencies = (
				E326808F21F66E2F00FAD3C3 /* PBXTargetDependency */,
			);
			name = FallenMeteorsUITests;
			productName = FallenMeteorsUITests;
			productReference = E326808D21F66E2F00FAD3C3 /* FallenMeteorsUITests.xctest */;
			productType = "com.apple.product-type.bundle.ui-testing";
		};
/* End PBXNativeTarget section */

/* Begin PBXProject section */
		E326806621F66E2E00FAD3C3 /* Project object */ = {
			isa = PBXProject;
			attributes = {
				LastSwiftUpdateCheck = 1010;
				LastUpgradeCheck = 1010;
				ORGANIZATIONNAME = "Darragh King";
				TargetAttributes = {
					E326806D21F66E2E00FAD3C3 = {
						CreatedOnToolsVersion = 10.1;
					};
					E326808121F66E2F00FAD3C3 = {
						CreatedOnToolsVersion = 10.1;
						TestTargetID = E326806D21F66E2E00FAD3C3;
					};
					E326808C21F66E2F00FAD3C3 = {
						CreatedOnToolsVersion = 10.1;
						TestTargetID = E326806D21F66E2E00FAD3C3;
					};
				};
			};
			buildConfigurationList = E326806921F66E2E00FAD3C3 /* Build configuration list for PBXProject "FallenMeteors" */;
			compatibilityVersion = "Xcode 9.3";
			developmentRegion = en;
			hasScannedForEncodings = 0;
			knownRegions = (
				en,
				Base,
			);
			mainGroup = E326806521F66E2E00FAD3C3;
			productRefGroup = E326806F21F66E2E00FAD3C3 /* Products */;
			projectDirPath = "";
			projectRoot = "";
			targets = (
				E326806D21F66E2E00FAD3C3 /* FallenMeteors */,
				E326808121F66E2F00FAD3C3 /* FallenMeteorsTests */,
				E326808C21F66E2F00FAD3C3 /* FallenMeteorsUITests */,
			);
		};
/* End PBXProject section */

/* Begin PBXResourcesBuildPhase section */
		E326806C21F66E2E00FAD3C3 /* Resources */ = {
			isa = PBXResourcesBuildPhase;
			buildActionMask = 2147483647;
			files = (
				E326807C21F66E2F00FAD3C3 /* LaunchScreen.storyboard in Resources */,
				E326807921F66E2F00FAD3C3 /* Assets.xcassets in Resources */,
				E304902B21F7A1C20092B0AD /* HomeView.storyboard in Resources */,
				E304904421F7A26B0092B0AD /* MapView.storyboard in Resources */,
				E326807721F66E2E00FAD3C3 /* Main.storyboard in Resources */,
			);
			runOnlyForDeploymentPostprocessing = 0;
		};
		E326808021F66E2F00FAD3C3 /* Resources */ = {
			isa = PBXResourcesBuildPhase;
			buildActionMask = 2147483647;
			files = (
			);
			runOnlyForDeploymentPostprocessing = 0;
		};
		E326808B21F66E2F00FAD3C3 /* Resources */ = {
			isa = PBXResourcesBuildPhase;
			buildActionMask = 2147483647;
			files = (
			);
			runOnlyForDeploymentPostprocessing = 0;
		};
/* End PBXResourcesBuildPhase section */

/* Begin PBXSourcesBuildPhase section */
		E326806A21F66E2E00FAD3C3 /* Sources */ = {
			isa = PBXSourcesBuildPhase;
			buildActionMask = 2147483647;
			files = (
				E304903021F7A1C20092B0AD /* HomeContract.swift in Sources */,
				E304901821F7A1AF0092B0AD /* AppContract.swift in Sources */,
				E304903E21F7A26B0092B0AD /* MapRouter.swift in Sources */,
				E304903F21F7A26B0092B0AD /* MapPresenter.swift in Sources */,
				E304902C21F7A1C20092B0AD /* HomeEntity.swift in Sources */,
				E304902A21F7A1C20092B0AD /* HomeView.swift in Sources */,
				E304904021F7A26B0092B0AD /* MapInteractor.swift in Sources */,
				E3928BD921F9175A000C516C /* MeteorTableViewCell.swift in Sources */,
				E304902821F7A1C20092B0AD /* LoadFromStoryboard.swift in Sources */,
				E32160E721FBCE040068D93E /* Timer.swift in Sources */,
				E304902F21F7A1C20092B0AD /* HomeAssembler.swift in Sources */,
				E326807221F66E2E00FAD3C3 /* AppDelegate.swift in Sources */,
				E304901A21F7A1AF0092B0AD /* AppRouter.swift in Sources */,
				E304903D21F7A26B0092B0AD /* MapContract.swift in Sources */,
				E304904221F7A26B0092B0AD /* MapEntity.swift in Sources */,
				E304902D21F7A1C20092B0AD /* HomeInteractor.swift in Sources */,
				E304903121F7A1C20092B0AD /* HomePresenter.swift in Sources */,
				E310BAEF21FC9C5300FEF3AF /* MeteorDataRequestHandler.swift in Sources */,
				E304901921F7A1AF0092B0AD /* AppMainViewController.swift in Sources */,
				E304904321F7A26B0092B0AD /* MapView.swift in Sources */,
				E304902E21F7A1C20092B0AD /* HomeRouter.swift in Sources */,
				E304904121F7A26B0092B0AD /* MapAssembler.swift in Sources */,
			);
			runOnlyForDeploymentPostprocessing = 0;
		};
		E326807E21F66E2F00FAD3C3 /* Sources */ = {
			isa = PBXSourcesBuildPhase;
			buildActionMask = 2147483647;
			files = (
				E326808721F66E2F00FAD3C3 /* FallenMeteorsTests.swift in Sources */,
			);
			runOnlyForDeploymentPostprocessing = 0;
		};
		E326808921F66E2F00FAD3C3 /* Sources */ = {
			isa = PBXSourcesBuildPhase;
			buildActionMask = 2147483647;
			files = (
				E326809221F66E2F00FAD3C3 /* FallenMeteorsUITests.swift in Sources */,
			);
			runOnlyForDeploymentPostprocessing = 0;
		};
/* End PBXSourcesBuildPhase section */

/* Begin PBXTargetDependency section */
		E326808421F66E2F00FAD3C3 /* PBXTargetDependency */ = {
			isa = PBXTargetDependency;
			target = E326806D21F66E2E00FAD3C3 /* FallenMeteors */;
			targetProxy = E326808321F66E2F00FAD3C3 /* PBXContainerItemProxy */;
		};
		E326808F21F66E2F00FAD3C3 /* PBXTargetDependency */ = {
			isa = PBXTargetDependency;
			target = E326806D21F66E2E00FAD3C3 /* FallenMeteors */;
			targetProxy = E326808E21F66E2F00FAD3C3 /* PBXContainerItemProxy */;
		};
/* End PBXTargetDependency section */

/* Begin PBXVariantGroup section */
		E304903B21F7A26B0092B0AD /* MapView.storyboard */ = {
			isa = PBXVariantGroup;
			children = (
				E304903C21F7A26B0092B0AD /* Base */,
			);
			name = MapView.storyboard;
			sourceTree = "<group>";
		};
		E326807521F66E2E00FAD3C3 /* Main.storyboard */ = {
			isa = PBXVariantGroup;
			children = (
				E326807621F66E2E00FAD3C3 /* Base */,
			);
			name = Main.storyboard;
			sourceTree = "<group>";
		};
		E326807A21F66E2F00FAD3C3 /* LaunchScreen.storyboard */ = {
			isa = PBXVariantGroup;
			children = (
				E326807B21F66E2F00FAD3C3 /* Base */,
			);
			name = LaunchScreen.storyboard;
			sourceTree = "<group>";
		};
/* End PBXVariantGroup section */

/* Begin XCBuildConfiguration section */
		E326809421F66E2F00FAD3C3 /* Debug */ = {
			isa = XCBuildConfiguration;
			buildSettings = {
				ALWAYS_SEARCH_USER_PATHS = NO;
				CLANG_ANALYZER_NONNULL = YES;
				CLANG_ANALYZER_NUMBER_OBJECT_CONVERSION = YES_AGGRESSIVE;
				CLANG_CXX_LANGUAGE_STANDARD = "gnu++14";
				CLANG_CXX_LIBRARY = "libc++";
				CLANG_ENABLE_MODULES = YES;
				CLANG_ENABLE_OBJC_ARC = YES;
				CLANG_ENABLE_OBJC_WEAK = YES;
				CLANG_WARN_BLOCK_CAPTURE_AUTORELEASING = YES;
				CLANG_WARN_BOOL_CONVERSION = YES;
				CLANG_WARN_COMMA = YES;
				CLANG_WARN_CONSTANT_CONVERSION = YES;
				CLANG_WARN_DEPRECATED_OBJC_IMPLEMENTATIONS = YES;
				CLANG_WARN_DIRECT_OBJC_ISA_USAGE = YES_ERROR;
				CLANG_WARN_DOCUMENTATION_COMMENTS = YES;
				CLANG_WARN_EMPTY_BODY = YES;
				CLANG_WARN_ENUM_CONVERSION = YES;
				CLANG_WARN_INFINITE_RECURSION = YES;
				CLANG_WARN_INT_CONVERSION = YES;
				CLANG_WARN_NON_LITERAL_NULL_CONVERSION = YES;
				CLANG_WARN_OBJC_IMPLICIT_RETAIN_SELF = YES;
				CLANG_WARN_OBJC_LITERAL_CONVERSION = YES;
				CLANG_WARN_OBJC_ROOT_CLASS = YES_ERROR;
				CLANG_WARN_RANGE_LOOP_ANALYSIS = YES;
				CLANG_WARN_STRICT_PROTOTYPES = YES;
				CLANG_WARN_SUSPICIOUS_MOVE = YES;
				CLANG_WARN_UNGUARDED_AVAILABILITY = YES_AGGRESSIVE;
				CLANG_WARN_UNREACHABLE_CODE = YES;
				CLANG_WARN__DUPLICATE_METHOD_MATCH = YES;
				CODE_SIGN_IDENTITY = "iPhone Developer";
				COPY_PHASE_STRIP = NO;
				DEBUG_INFORMATION_FORMAT = dwarf;
				ENABLE_STRICT_OBJC_MSGSEND = YES;
				ENABLE_TESTABILITY = YES;
				GCC_C_LANGUAGE_STANDARD = gnu11;
				GCC_DYNAMIC_NO_PIC = NO;
				GCC_NO_COMMON_BLOCKS = YES;
				GCC_OPTIMIZATION_LEVEL = 0;
				GCC_PREPROCESSOR_DEFINITIONS = (
					"DEBUG=1",
					"$(inherited)",
				);
				GCC_WARN_64_TO_32_BIT_CONVERSION = YES;
				GCC_WARN_ABOUT_RETURN_TYPE = YES_ERROR;
				GCC_WARN_UNDECLARED_SELECTOR = YES;
				GCC_WARN_UNINITIALIZED_AUTOS = YES_AGGRESSIVE;
				GCC_WARN_UNUSED_FUNCTION = YES;
				GCC_WARN_UNUSED_VARIABLE = YES;
				IPHONEOS_DEPLOYMENT_TARGET = 12.1;
				MTL_ENABLE_DEBUG_INFO = INCLUDE_SOURCE;
				MTL_FAST_MATH = YES;
				ONLY_ACTIVE_ARCH = YES;
				SDKROOT = iphoneos;
				SWIFT_ACTIVE_COMPILATION_CONDITIONS = DEBUG;
				SWIFT_OPTIMIZATION_LEVEL = "-Onone";
			};
			name = Debug;
		};
		E326809521F66E2F00FAD3C3 /* Release */ = {
			isa = XCBuildConfiguration;
			buildSettings = {
				ALWAYS_SEARCH_USER_PATHS = NO;
				CLANG_ANALYZER_NONNULL = YES;
				CLANG_ANALYZER_NUMBER_OBJECT_CONVERSION = YES_AGGRESSIVE;
				CLANG_CXX_LANGUAGE_STANDARD = "gnu++14";
				CLANG_CXX_LIBRARY = "libc++";
				CLANG_ENABLE_MODULES = YES;
				CLANG_ENABLE_OBJC_ARC = YES;
				CLANG_ENABLE_OBJC_WEAK = YES;
				CLANG_WARN_BLOCK_CAPTURE_AUTORELEASING = YES;
				CLANG_WARN_BOOL_CONVERSION = YES;
				CLANG_WARN_COMMA = YES;
				CLANG_WARN_CONSTANT_CONVERSION = YES;
				CLANG_WARN_DEPRECATED_OBJC_IMPLEMENTATIONS = YES;
				CLANG_WARN_DIRECT_OBJC_ISA_USAGE = YES_ERROR;
				CLANG_WARN_DOCUMENTATION_COMMENTS = YES;
				CLANG_WARN_EMPTY_BODY = YES;
				CLANG_WARN_ENUM_CONVERSION = YES;
				CLANG_WARN_INFINITE_RECURSION = YES;
				CLANG_WARN_INT_CONVERSION = YES;
				CLANG_WARN_NON_LITERAL_NULL_CONVERSION = YES;
				CLANG_WARN_OBJC_IMPLICIT_RETAIN_SELF = YES;
				CLANG_WARN_OBJC_LITERAL_CONVERSION = YES;
				CLANG_WARN_OBJC_ROOT_CLASS = YES_ERROR;
				CLANG_WARN_RANGE_LOOP_ANALYSIS = YES;
				CLANG_WARN_STRICT_PROTOTYPES = YES;
				CLANG_WARN_SUSPICIOUS_MOVE = YES;
				CLANG_WARN_UNGUARDED_AVAILABILITY = YES_AGGRESSIVE;
				CLANG_WARN_UNREACHABLE_CODE = YES;
				CLANG_WARN__DUPLICATE_METHOD_MATCH = YES;
				CODE_SIGN_IDENTITY = "iPhone Developer";
				COPY_PHASE_STRIP = NO;
				DEBUG_INFORMATION_FORMAT = "dwarf-with-dsym";
				ENABLE_NS_ASSERTIONS = NO;
				ENABLE_STRICT_OBJC_MSGSEND = YES;
				GCC_C_LANGUAGE_STANDARD = gnu11;
				GCC_NO_COMMON_BLOCKS = YES;
				GCC_WARN_64_TO_32_BIT_CONVERSION = YES;
				GCC_WARN_ABOUT_RETURN_TYPE = YES_ERROR;
				GCC_WARN_UNDECLARED_SELECTOR = YES;
				GCC_WARN_UNINITIALIZED_AUTOS = YES_AGGRESSIVE;
				GCC_WARN_UNUSED_FUNCTION = YES;
				GCC_WARN_UNUSED_VARIABLE = YES;
				IPHONEOS_DEPLOYMENT_TARGET = 12.1;
				MTL_ENABLE_DEBUG_INFO = NO;
				MTL_FAST_MATH = YES;
				SDKROOT = iphoneos;
				SWIFT_COMPILATION_MODE = wholemodule;
				SWIFT_OPTIMIZATION_LEVEL = "-O";
				VALIDATE_PRODUCT = YES;
			};
			name = Release;
		};
		E326809721F66E2F00FAD3C3 /* Debug */ = {
			isa = XCBuildConfiguration;
			buildSettings = {
				ASSETCATALOG_COMPILER_APPICON_NAME = AppIcon;
				CODE_SIGN_STYLE = Automatic;
				DEVELOPMENT_TEAM = P427HPREFA;
				INFOPLIST_FILE = FallenMeteors/Info.plist;
				IPHONEOS_DEPLOYMENT_TARGET = 11.0;
				LD_RUNPATH_SEARCH_PATHS = (
					"$(inherited)",
					"@executable_path/Frameworks",
				);
				PRODUCT_BUNDLE_IDENTIFIER = KingDarragh.FallenMeteors;
				PRODUCT_NAME = "$(TARGET_NAME)";
				SWIFT_VERSION = 4.2;
				TARGETED_DEVICE_FAMILY = "1,2";
			};
			name = Debug;
		};
		E326809821F66E2F00FAD3C3 /* Release */ = {
			isa = XCBuildConfiguration;
			buildSettings = {
				ASSETCATALOG_COMPILER_APPICON_NAME = AppIcon;
				CODE_SIGN_STYLE = Automatic;
				DEVELOPMENT_TEAM = P427HPREFA;
				INFOPLIST_FILE = FallenMeteors/Info.plist;
				IPHONEOS_DEPLOYMENT_TARGET = 11.0;
				LD_RUNPATH_SEARCH_PATHS = (
					"$(inherited)",
					"@executable_path/Frameworks",
				);
				PRODUCT_BUNDLE_IDENTIFIER = KingDarragh.FallenMeteors;
				PRODUCT_NAME = "$(TARGET_NAME)";
				SWIFT_VERSION = 4.2;
				TARGETED_DEVICE_FAMILY = "1,2";
			};
			name = Release;
		};
		E326809A21F66E2F00FAD3C3 /* Debug */ = {
			isa = XCBuildConfiguration;
			buildSettings = {
				ALWAYS_EMBED_SWIFT_STANDARD_LIBRARIES = YES;
				BUNDLE_LOADER = "$(TEST_HOST)";
				CODE_SIGN_STYLE = Automatic;
				DEVELOPMENT_TEAM = P427HPREFA;
				INFOPLIST_FILE = FallenMeteorsTests/Info.plist;
				LD_RUNPATH_SEARCH_PATHS = (
					"$(inherited)",
					"@executable_path/Frameworks",
					"@loader_path/Frameworks",
				);
				PRODUCT_BUNDLE_IDENTIFIER = KingDarragh.FallenMeteorsTests;
				PRODUCT_NAME = "$(TARGET_NAME)";
				SWIFT_VERSION = 4.2;
				TARGETED_DEVICE_FAMILY = "1,2";
				TEST_HOST = "$(BUILT_PRODUCTS_DIR)/FallenMeteors.app/FallenMeteors";
			};
			name = Debug;
		};
		E326809B21F66E2F00FAD3C3 /* Release */ = {
			isa = XCBuildConfiguration;
			buildSettings = {
				ALWAYS_EMBED_SWIFT_STANDARD_LIBRARIES = YES;
				BUNDLE_LOADER = "$(TEST_HOST)";
				CODE_SIGN_STYLE = Automatic;
				DEVELOPMENT_TEAM = P427HPREFA;
				INFOPLIST_FILE = FallenMeteorsTests/Info.plist;
				LD_RUNPATH_SEARCH_PATHS = (
					"$(inherited)",
					"@executable_path/Frameworks",
					"@loader_path/Frameworks",
				);
				PRODUCT_BUNDLE_IDENTIFIER = KingDarragh.FallenMeteorsTests;
				PRODUCT_NAME = "$(TARGET_NAME)";
				SWIFT_VERSION = 4.2;
				TARGETED_DEVICE_FAMILY = "1,2";
				TEST_HOST = "$(BUILT_PRODUCTS_DIR)/FallenMeteors.app/FallenMeteors";
			};
			name = Release;
		};
		E326809D21F66E2F00FAD3C3 /* Debug */ = {
			isa = XCBuildConfiguration;
			buildSettings = {
				ALWAYS_EMBED_SWIFT_STANDARD_LIBRARIES = YES;
				CODE_SIGN_STYLE = Automatic;
				DEVELOPMENT_TEAM = P427HPREFA;
				INFOPLIST_FILE = FallenMeteorsUITests/Info.plist;
				LD_RUNPATH_SEARCH_PATHS = (
					"$(inherited)",
					"@executable_path/Frameworks",
					"@loader_path/Frameworks",
				);
				PRODUCT_BUNDLE_IDENTIFIER = KingDarragh.FallenMeteorsUITests;
				PRODUCT_NAME = "$(TARGET_NAME)";
				SWIFT_VERSION = 4.2;
				TARGETED_DEVICE_FAMILY = "1,2";
				TEST_TARGET_NAME = FallenMeteors;
			};
			name = Debug;
		};
		E326809E21F66E2F00FAD3C3 /* Release */ = {
			isa = XCBuildConfiguration;
			buildSettings = {
				ALWAYS_EMBED_SWIFT_STANDARD_LIBRARIES = YES;
				CODE_SIGN_STYLE = Automatic;
				DEVELOPMENT_TEAM = P427HPREFA;
				INFOPLIST_FILE = FallenMeteorsUITests/Info.plist;
				LD_RUNPATH_SEARCH_PATHS = (
					"$(inherited)",
					"@executable_path/Frameworks",
					"@loader_path/Frameworks",
				);
				PRODUCT_BUNDLE_IDENTIFIER = KingDarragh.FallenMeteorsUITests;
				PRODUCT_NAME = "$(TARGET_NAME)";
				SWIFT_VERSION = 4.2;
				TARGETED_DEVICE_FAMILY = "1,2";
				TEST_TARGET_NAME = FallenMeteors;
			};
			name = Release;
		};
/* End XCBuildConfiguration section */

/* Begin XCConfigurationList section */
		E326806921F66E2E00FAD3C3 /* Build configuration list for PBXProject "FallenMeteors" */ = {
			isa = XCConfigurationList;
			buildConfigurations = (
				E326809421F66E2F00FAD3C3 /* Debug */,
				E326809521F66E2F00FAD3C3 /* Release */,
			);
			defaultConfigurationIsVisible = 0;
			defaultConfigurationName = Release;
		};
		E326809621F66E2F00FAD3C3 /* Build configuration list for PBXNativeTarget "FallenMeteors" */ = {
			isa = XCConfigurationList;
			buildConfigurations = (
				E326809721F66E2F00FAD3C3 /* Debug */,
				E326809821F66E2F00FAD3C3 /* Release */,
			);
			defaultConfigurationIsVisible = 0;
			defaultConfigurationName = Release;
		};
		E326809921F66E2F00FAD3C3 /* Build configuration list for PBXNativeTarget "FallenMeteorsTests" */ = {
			isa = XCConfigurationList;
			buildConfigurations = (
				E326809A21F66E2F00FAD3C3 /* Debug */,
				E326809B21F66E2F00FAD3C3 /* Release */,
			);
			defaultConfigurationIsVisible = 0;
			defaultConfigurationName = Release;
		};
		E326809C21F66E2F00FAD3C3 /* Build configuration list for PBXNativeTarget "FallenMeteorsUITests" */ = {
			isa = XCConfigurationList;
			buildConfigurations = (
				E326809D21F66E2F00FAD3C3 /* Debug */,
				E326809E21F66E2F00FAD3C3 /* Release */,
			);
			defaultConfigurationIsVisible = 0;
			defaultConfigurationName = Release;
		};
/* End XCConfigurationList section */
	};
	rootObject = E326806621F66E2E00FAD3C3 /* Project object */;
}
